
Microsoft Visual Studio Solution File, Format Version 12.00
# Visual Studio Version 16
VisualStudioVersion = 16.0.35325.158
MinimumVisualStudioVersion = 10.0.40219.1
Project("{F184B08F-C81C-45F6-A57F-5ABD9991F28F}") = "objectdemo2", "objectdemo2.vbproj", "{C75ADA28-706B-4A15-ACB5-000E5F9674D7}"
EndProject
Global
	GlobalSection(SolutionConfigurationPlatforms) = preSolution
		Debug|Any CPU = Debug|Any CPU
		Release|Any CPU = Release|Any CPU
	EndGlobalSection
	GlobalSection(ProjectConfigurationPlatforms) = postSolution
		{C75ADA28-706B-4A15-ACB5-000E5F9674D7}.Debug|Any CPU.ActiveCfg = Debug|Any CPU
		{C75ADA28-706B-4A15-ACB5-000E5F9674D7}.Debug|Any CPU.Build.0 = Debug|Any CPU
		{C75ADA28-706B-4A15-ACB5-000E5F9674D7}.Release|Any CPU.ActiveCfg = Release|Any CPU
		{C75ADA28-706B-4A15-ACB5-000E5F9674D7}.Release|Any CPU.Build.0 = Release|Any CPU
	EndGlobalSection
	GlobalSection(SolutionProperties) = preSolution
		HideSolutionNode = FALSE
	EndGlobalSection
	GlobalSection(ExtensibilityGlobals) = postSolution
		SolutionGuid = {51611AA2-05CC-4B64-8DEE-3B7C5A010D90}
	EndGlobalSection
EndGlobal
